
Microsoft Visual Studio Solution File, Format Version 12.00
# Visual Studio Version 17
VisualStudioVersion = 17.1.32210.238
MinimumVisualStudioVersion = 10.0.40219.1
Project("{FAE04EC0-301F-11D3-BF4B-00C04F79EFBC}") = "BlueWiFi", "BlueWiFi\BlueWiFi.csproj", "{52F923CA-A236-496B-8A97-5A635954DC4A}"
EndProject
Global
	GlobalSection(SolutionConfigurationPlatforms) = preSolution
		Debug|Any CPU = Debug|Any CPU
		Release|Any CPU = Release|Any CPU
	EndGlobalSection
	GlobalSection(ProjectConfigurationPlatforms) = postSolution
		{52F923CA-A236-496B-8A97-5A635954DC4A}.Debug|Any CPU.ActiveCfg = Debug|Any CPU
		{52F923CA-A236-496B-8A97-5A635954DC4A}.Debug|Any CPU.Build.0 = Debug|Any CPU
		{52F923CA-A236-496B-8A97-5A635954DC4A}.Debug|Any CPU.Deploy.0 = Debug|Any CPU
		{52F923CA-A236-496B-8A97-5A635954DC4A}.Release|Any CPU.ActiveCfg = Release|Any CPU
		{52F923CA-A236-496B-8A97-5A635954DC4A}.Release|Any CPU.Build.0 = Release|Any CPU
		{52F923CA-A236-496B-8A97-5A635954DC4A}.Release|Any CPU.Deploy.0 = Release|Any CPU
	EndGlobalSection
	GlobalSection(SolutionProperties) = preSolution
		HideSolutionNode = FALSE
	EndGlobalSection
	GlobalSection(ExtensibilityGlobals) = postSolution
		SolutionGuid = {162217F1-E91F-4B9B-9C16-B67BCB9A743E}
	EndGlobalSection
EndGlobal
